// !$*UTF8*$!
{
	archiveVersion = 1;
	classes = {
	};
	objectVersion = 46;
	objects = {

/* Begin PBXBuildFile section */
		015579BB1C6446D60031F210 /* AppDelegate.swift in Sources */ = {isa = PBXBuildFile; fileRef = 015579BA1C6446D60031F210 /* AppDelegate.swift */; };
		015579BD1C6446D60031F210 /* ViewController.swift in Sources */ = {isa = PBXBuildFile; fileRef = 015579BC1C6446D60031F210 /* ViewController.swift */; };
		015579C01C6446D60031F210 /* Main.storyboard in Resources */ = {isa = PBXBuildFile; fileRef = 015579BE1C6446D60031F210 /* Main.storyboard */; };
		015579C21C6446D60031F210 /* Assets.xcassets in Resources */ = {isa = PBXBuildFile; fileRef = 015579C11C6446D60031F210 /* Assets.xcassets */; };
		015579C51C6446D60031F210 /* LaunchScreen.storyboard in Resources */ = {isa = PBXBuildFile; fileRef = 015579C31C6446D60031F210 /* LaunchScreen.storyboard */; };
		015579CD1C6663190031F210 /* btn.wav in Resources */ = {isa = PBXBuildFile; fileRef = 015579CC1C6663190031F210 /* btn.wav */; };
/* End PBXBuildFile section */

/* Begin PBXFileReference section */
		015579B71C6446D60031F210 /* calculator.app */ = {isa = PBXFileReference; explicitFileType = wrapper.application; includeInIndex = 0; path = calculator.app; sourceTree = BUILT_PRODUCTS_DIR; };
		015579BA1C6446D60031F210 /* AppDelegate.swift */ = {isa = PBXFileReference; lastKnownFileType = sourcecode.swift; path = AppDelegate.swift; sourceTree = "<group>"; };
		015579BC1C6446D60031F210 /* ViewController.swift */ = {isa = PBXFileReference; lastKnownFileType = sourcecode.swift; path = ViewController.swift; sourceTree = "<group>"; };
		015579BF1C6446D60031F210 /* Base */ = {isa = PBXFileReference; lastKnownFileType = file.storyboard; name = Base; path = Base.lproj/Main.storyboard; sourceTree = "<group>"; };
		015579C11C6446D60031F210 /* Assets.xcassets */ = {isa = PBXFileReference; lastKnownFileType = folder.assetcatalog; path = Assets.xcassets; sourceTree = "<group>"; };
		015579C41C6446D60031F210 /* Base */ = {isa = PBXFileReference; lastKnownFileType = file.storyboard; name = Base; path = Base.lproj/LaunchScreen.storyboard; sourceTree = "<group>"; };
		015579C61C6446D60031F210 /* Info.plist */ = {isa = PBXFileReference; lastKnownFileType = text.plist.xml; path = Info.plist; sourceTree = "<group>"; };
		015579CC1C6663190031F210 /* btn.wav */ = {isa = PBXFileReference; lastKnownFileType = audio.wav; path = btn.wav; sourceTree = "<group>"; };
/* End PBXFileReference section */

/* Begin PBXFrameworksBuildPhase section */
		015579B41C6446D60031F210 /* Frameworks */ = {
			isa = PBXFrameworksBuildPhase;
			buildActionMask = 2147483647;
			files = (
			);
			runOnlyForDeploymentPostprocessing = 0;
		};
/* End PBXFrameworksBuildPhase section */

/* Begin PBXGroup section */
		015579AE1C6446D60031F210 = {
			isa = PBXGroup;
			children = (
				015579B91C6446D60031F210 /* calculator */,
				015579B81C6446D60031F210 /* Products */,
			);
			sourceTree = "<group>";
		};
		015579B81C6446D60031F210 /* Products */ = {
			isa = PBXGroup;
			children = (
				015579B71C6446D60031F210 /* calculator.app */,
			);
			name = Products;
			sourceTree = "<group>";
		};
		015579B91C6446D60031F210 /* calculator */ = {
			isa = PBXGroup;
			children = (
				015579BA1C6446D60031F210 /* AppDelegate.swift */,
				015579CC1C6663190031F210 /* btn.wav */,
				015579BC1C6446D60031F210 /* ViewController.swift */,
				015579BE1C6446D60031F210 /* Main.storyboard */,
				015579C11C6446D60031F210 /* Assets.xcassets */,
				015579C31C6446D60031F210 /* LaunchScreen.storyboard */,
				015579C61C6446D60031F210 /* Info.plist */,
			);
			path = calculator;
			sourceTree = "<group>";
		};
/* End PBXGroup section */

/* Begin PBXNativeTarget section */
		015579B61C6446D60031F210 /* calculator */ = {
			isa = PBXNativeTarget;
			buildConfigurationList = 015579C91C6446D60031F210 /* Build configuration list for PBXNativeTarget "calculator" */;
			buildPhases = (
				015579B31C6446D60031F210 /* Sources */,
				015579B41C6446D60031F210 /* Frameworks */,
				015579B51C6446D60031F210 /* Resources */,
			);
			buildRules = (
			);
			dependencies = (
			);
			name = calculator;
			productName = calculator;
			productReference = 015579B71C6446D60031F210 /* calculator.app */;
			productType = "com.apple.product-type.application";
		};
/* End PBXNativeTarget section */

/* Begin PBXProject section */
		015579AF1C6446D60031F210 /* Project object */ = {
			isa = PBXProject;
			attributes = {
				LastSwiftUpdateCheck = 0720;
				LastUpgradeCheck = 0720;
				ORGANIZATIONNAME = Sabring;
				TargetAttributes = {
					015579B61C6446D60031F210 = {
						CreatedOnToolsVersion = 7.2;
						DevelopmentTeam = JA2625PV9L;
					};
				};
			};
			buildConfigurationList = 015579B21C6446D60031F210 /* Build configuration list for PBXProject "calculator" */;
			compatibilityVersion = "Xcode 3.2";
			developmentRegion = English;
			hasScannedForEncodings = 0;
			knownRegions = (
				en,
				Base,
			);
			mainGroup = 015579AE1C6446D60031F210;
			productRefGroup = 015579B81C6446D60031F210 /* Products */;
			projectDirPath = "";
			projectRoot = "";
			targets = (
				015579B61C6446D60031F210 /* calculator */,
			);
		};
/* End PBXProject section */

/* Begin PBXResourcesBuildPhase section */
		015579B51C6446D60031F210 /* Resources */ = {
			isa = PBXResourcesBuildPhase;
			buildActionMask = 2147483647;
			files = (
				015579C51C6446D60031F210 /* LaunchScreen.storyboard in Resources */,
				015579C21C6446D60031F210 /* Assets.xcassets in Resources */,
				015579C01C6446D60031F210 /* Main.storyboard in Resources */,
				015579CD1C6663190031F210 /* btn.wav in Resources */,
			);
			runOnlyForDeploymentPostprocessing = 0;
		};
/* End PBXResourcesBuildPhase section */

/* Begin PBXSourcesBuildPhase section */
		015579B31C6446D60031F210 /* Sources */ = {
			isa = PBXSourcesBuildPhase;
			buildActionMask = 2147483647;
			files = (
				015579BD1C6446D60031F210 /* ViewController.swift in Sources */,
				015579BB1C6446D60031F210 /* AppDelegate.swift in Sources */,
			);
			runOnlyForDeploymentPostprocessing = 0;
		};
/* End PBXSourcesBuildPhase section */

/* Begin PBXVariantGroup section */
		015579BE1C6446D60031F210 /* Main.storyboard */ = {
			isa = PBXVariantGroup;
			children = (
				015579BF1C6446D60031F210 /* Base */,
			);
			name = Main.storyboard;
			sourceTree = "<group>";
		};
		015579C31C6446D60031F210 /* LaunchScreen.storyboard */ = {
			isa = PBXVariantGroup;
			children = (
				015579C41C6446D60031F210 /* Base */,
			);
			name = LaunchScreen.storyboard;
			sourceTree = "<group>";
		};
/* End PBXVariantGroup section */

/* Begin XCBuildConfiguration section */
		015579C71C6446D60031F210 /* Debug */ = {
			isa = XCBuildConfiguration;
			buildSettings = {
				ALWAYS_SEARCH_USER_PATHS = NO;
				CLANG_CXX_LANGUAGE_STANDARD = "gnu++0x";
				CLANG_CXX_LIBRARY = "libc++";
				CLANG_ENABLE_MODULES = YES;
				CLANG_ENABLE_OBJC_ARC = YES;
				CLANG_WARN_BOOL_CONVERSION = YES;
				CLANG_WARN_CONSTANT_CONVERSION = YES;
				CLANG_WARN_DIRECT_OBJC_ISA_USAGE = YES_ERROR;
				CLANG_WARN_EMPTY_BODY = YES;
				CLANG_WARN_ENUM_CONVERSION = YES;
				CLANG_WARN_INT_CONVERSION = YES;
				CLANG_WARN_OBJC_ROOT_CLASS = YES_ERROR;
				CLANG_WARN_UNREACHABLE_CODE = YES;
				CLANG_WARN__DUPLICATE_METHOD_MATCH = YES;
				"CODE_SIGN_IDENTITY[sdk=iphoneos*]" = "iPhone Developer";
				COPY_PHASE_STRIP = NO;
				DEBUG_INFORMATION_FORMAT = dwarf;
				ENABLE_STRICT_OBJC_MSGSEND = YES;
				ENABLE_TESTABILITY = YES;
				GCC_C_LANGUAGE_STANDARD = gnu99;
				GCC_DYNAMIC_NO_PIC = NO;
				GCC_NO_COMMON_BLOCKS = YES;
				GCC_OPTIMIZATION_LEVEL = 0;
				GCC_PREPROCESSOR_DEFINITIONS = (
					"DEBUG=1",
					"$(inherited)",
				);
				GCC_WARN_64_TO_32_BIT_CONVERSION = YES;
				GCC_WARN_ABOUT_RETURN_TYPE = YES_ERROR;
				GCC_WARN_UNDECLARED_SELECTOR = YES;
				GCC_WARN_UNINITIALIZED_AUTOS = YES_AGGRESSIVE;
				GCC_WARN_UNUSED_FUNCTION = YES;
				GCC_WARN_UNUSED_VARIABLE = YES;
				IPHONEOS_DEPLOYMENT_TARGET = 9.2;
				MTL_ENABLE_DEBUG_INFO = YES;
				ONLY_ACTIVE_ARCH = YES;
				SDKROOT = iphoneos;
				SWIFT_OPTIMIZATION_LEVEL = "-Onone";
			};
			name = Debug;
		};
		015579C81C6446D60031F210 /* Release */ = {
			isa = XCBuildConfiguration;
			buildSettings = {
				ALWAYS_SEARCH_USER_PATHS = NO;
				CLANG_CXX_LANGUAGE_STANDARD = "gnu++0x";
				CLANG_CXX_LIBRARY = "libc++";
				CLANG_ENABLE_MODULES = YES;
				CLANG_ENABLE_OBJC_ARC = YES;
				CLANG_WARN_BOOL_CONVERSION = YES;
				CLANG_WARN_CONSTANT_CONVERSION = YES;
				CLANG_WARN_DIRECT_OBJC_ISA_USAGE = YES_ERROR;
				CLANG_WARN_EMPTY_BODY = YES;
				CLANG_WARN_ENUM_CONVERSION = YES;
				CLANG_WARN_INT_CONVERSION = YES;
				CLANG_WARN_OBJC_ROOT_CLASS = YES_ERROR;
				CLANG_WARN_UNREACHABLE_CODE = YES;
				CLANG_WARN__DUPLICATE_METHOD_MATCH = YES;
				"CODE_SIGN_IDENTITY[sdk=iphoneos*]" = "iPhone Developer";
				COPY_PHASE_STRIP = NO;
				DEBUG_INFORMATION_FORMAT = "dwarf-with-dsym";
				ENABLE_NS_ASSERTIONS = NO;
				ENABLE_STRICT_OBJC_MSGSEND = YES;
				GCC_C_LANGUAGE_STANDARD = gnu99;
				GCC_NO_COMMON_BLOCKS = YES;
				GCC_WARN_64_TO_32_BIT_CONVERSION = YES;
				GCC_WARN_ABOUT_RETURN_TYPE = YES_ERROR;
				GCC_WARN_UNDECLARED_SELECTOR = YES;
				GCC_WARN_UNINITIALIZED_AUTOS = YES_AGGRESSIVE;
				GCC_WARN_UNUSED_FUNCTION = YES;
				GCC_WARN_UNUSED_VARIABLE = YES;
				IPHONEOS_DEPLOYMENT_TARGET = 9.2;
				MTL_ENABLE_DEBUG_INFO = NO;
				SDKROOT = iphoneos;
				VALIDATE_PRODUCT = YES;
			};
			name = Release;
		};
		015579CA1C6446D60031F210 /* Debug */ = {
			isa = XCBuildConfiguration;
			buildSettings = {
				ASSETCATALOG_COMPILER_APPICON_NAME = AppIcon;
				INFOPLIST_FILE = calculator/Info.plist;
				LD_RUNPATH_SEARCH_PATHS = "$(inherited) @executable_path/Frameworks";
				PRODUCT_BUNDLE_IDENTIFIER = com.sabring.calculator;
				PRODUCT_NAME = "$(TARGET_NAME)";
			};
			name = Debug;
		};
		015579CB1C6446D60031F210 /* Release */ = {
			isa = XCBuildConfiguration;
			buildSettings = {
				ASSETCATALOG_COMPILER_APPICON_NAME = AppIcon;
				INFOPLIST_FILE = calculator/Info.plist;
				LD_RUNPATH_SEARCH_PATHS = "$(inherited) @executable_path/Frameworks";
				PRODUCT_BUNDLE_IDENTIFIER = com.sabring.calculator;
				PRODUCT_NAME = "$(TARGET_NAME)";
			};
			name = Release;
		};
/* End XCBuildConfiguration section */

/* Begin XCConfigurationList section */
		015579B21C6446D60031F210 /* Build configuration list for PBXProject "calculator" */ = {
			isa = XCConfigurationList;
			buildConfigurations = (
				015579C71C6446D60031F210 /* Debug */,
				015579C81C6446D60031F210 /* Release */,
			);
			defaultConfigurationIsVisible = 0;
			defaultConfigurationName = Release;
		};
		015579C91C6446D60031F210 /* Build configuration list for PBXNativeTarget "calculator" */ = {
			isa = XCConfigurationList;
			buildConfigurations = (
				015579CA1C6446D60031F210 /* Debug */,
				015579CB1C6446D60031F210 /* Release */,
			);
			defaultConfigurationIsVisible = 0;
		};
/* End XCConfigurationList section */
	};
	rootObject = 015579AF1C6446D60031F210 /* Project object */;
}
